
Microsoft Visual Studio Solution File, Format Version 12.00
# Visual Studio 15
VisualStudioVersion = 15.0.28307.136
MinimumVisualStudioVersion = 10.0.40219.1
Project("{FAE04EC0-301F-11D3-BF4B-00C04F79EFBC}") = "webBrowser", "webBrowser\webBrowser.csproj", "{F14FE864-526F-4171-9FFA-5E8D7A4A169A}"
EndProject
Global
	GlobalSection(SolutionConfigurationPlatforms) = preSolution
		Debug|Any CPU = Debug|Any CPU
		Release|Any CPU = Release|Any CPU
	EndGlobalSection
	GlobalSection(ProjectConfigurationPlatforms) = postSolution
		{F14FE864-526F-4171-9FFA-5E8D7A4A169A}.Debug|Any CPU.ActiveCfg = Debug|Any CPU
		{F14FE864-526F-4171-9FFA-5E8D7A4A169A}.Debug|Any CPU.Build.0 = Debug|Any CPU
		{F14FE864-526F-4171-9FFA-5E8D7A4A169A}.Release|Any CPU.ActiveCfg = Release|Any CPU
		{F14FE864-526F-4171-9FFA-5E8D7A4A169A}.Release|Any CPU.Build.0 = Release|Any CPU
	EndGlobalSection
	GlobalSection(SolutionProperties) = preSolution
		HideSolutionNode = FALSE
	EndGlobalSection
	GlobalSection(ExtensibilityGlobals) = postSolution
		SolutionGuid = {11BEF8CE-5E6A-4EE2-B1CE-FD75EEE7B478}
	EndGlobalSection
EndGlobal
